PODS:
  - Alamofire (5.0.2)
  - Bolts/Tasks (1.9.0)
  - Cache (5.2.0)
  - Charts (3.4.0):
    - Charts/Core (= 3.4.0)
  - Charts/Core (3.4.0)
  - Imaginary (4.2.0):
    - Cache (~> 5.0)
  - Kingfisher (5.13.2):
    - Kingfisher/Core (= 5.13.2)
  - Kingfisher/Core (5.13.2)
  - Lightbox (2.3.0):
    - Imaginary (~> 4.0)
  - MKRingProgressView (2.2.2)
  - Parse (1.17.3):
    - Parse/Core (= 1.17.3)
  - Parse/Core (1.17.3):
    - Bolts/Tasks (~> 1.9)
  - SwiftyJSON (4.3.0)

DEPENDENCIES:
  - Alamofire (~> 5.0.0-rc.3)
  - Charts
  - Kingfisher (~> 5.0)
  - Lightbox
  - MKRingProgressView
  - Parse
  - SwiftyJSON (~> 4.0)

SPEC REPOS:
  trunk:
    - Alamofire
    - Bolts
    - Cache
    - Charts
    - Imaginary
    - Kingfisher
    - Lightbox
    - MKRingProgressView
    - Parse
    - SwiftyJSON

SPEC CHECKSUMS:
  Alamofire: 3ba7a4db18b4f62c4a1c0e1cb39d7f3d52e10ada
  Bolts: ac6567323eac61e203f6a9763667d0f711be34c8
  Cache: 807c5d86d01a177f06ede9865add3aea269bbfd4
  Charts: 74c9f256eaf0460c0c416522d1cf8c634ea6b286
  Imaginary: dae33d06dbc2ada22f98afef5eb45cc061311a2c
  Kingfisher: d342c8354c10c3d85a27d6d4c42c41285924b898
  Lightbox: d317750e4132bfb871a5307cfe0a2c7d6a583c65
  MKRingProgressView: b558eff66a648bd77b11f61cfc5603ae96008077
  Parse: c1ad2a04d2cab2b54b6fb7da05f741abf2cf57d1
  SwiftyJSON: 6faa0040f8b59dead0ee07436cbf76b73c08fd08

PODFILE CHECKSUM: 8b0745dfd453c75460e91224467a0c572c705415

COCOAPODS: 1.8.4
