// !$*UTF8*$!
{
	archiveVersion = 1;
	classes = {
	};
	objectVersion = 50;
	objects = {

/* Begin PBXBuildFile section */
		17117339460CEC697A5B7566 /* Pods_KMAUI.framework in Frameworks */ = {isa = PBXBuildFile; fileRef = 3D11B4808B8EAB5AFDE69EDD /* Pods_KMAUI.framework */; };
		85113EAC23A8D96D0087DD3E /* KMAUIZooplaPropertyCollectionViewCell.swift in Sources */ = {isa = PBXBuildFile; fileRef = 85113EAA23A8D96D0087DD3E /* KMAUIZooplaPropertyCollectionViewCell.swift */; };
		85113EAD23A8D96D0087DD3E /* KMAUIZooplaPropertyCollectionViewCell.xib in Resources */ = {isa = PBXBuildFile; fileRef = 85113EAB23A8D96D0087DD3E /* KMAUIZooplaPropertyCollectionViewCell.xib */; };
		852181BF23915A2800A6B891 /* KMAUITitleLabel.swift in Sources */ = {isa = PBXBuildFile; fileRef = 852181BE23915A2800A6B891 /* KMAUITitleLabel.swift */; };
		852181C123915A2D00A6B891 /* KMAUITextLabel.swift in Sources */ = {isa = PBXBuildFile; fileRef = 852181C023915A2D00A6B891 /* KMAUITextLabel.swift */; };
		852181C323915A3400A6B891 /* KMAUIInfoLabel.swift in Sources */ = {isa = PBXBuildFile; fileRef = 852181C223915A3400A6B891 /* KMAUIInfoLabel.swift */; };
		853D3AE623A3D19300C106EE /* KMAUIAccuWeatherTableViewCell.swift in Sources */ = {isa = PBXBuildFile; fileRef = 853D3AE423A3D19300C106EE /* KMAUIAccuWeatherTableViewCell.swift */; };
		853D3AE723A3D19300C106EE /* KMAUIAccuWeatherTableViewCell.xib in Resources */ = {isa = PBXBuildFile; fileRef = 853D3AE523A3D19300C106EE /* KMAUIAccuWeatherTableViewCell.xib */; };
		85476CA523968ECF00F6B74A /* KMAUITextFieldTableViewCell.swift in Sources */ = {isa = PBXBuildFile; fileRef = 85476CA323968ECF00F6B74A /* KMAUITextFieldTableViewCell.swift */; };
		85476CA623968ECF00F6B74A /* KMAUITextFieldTableViewCell.xib in Resources */ = {isa = PBXBuildFile; fileRef = 85476CA423968ECF00F6B74A /* KMAUITextFieldTableViewCell.xib */; };
		855BA984238FFB3100CE2709 /* KMAUI.h in Headers */ = {isa = PBXBuildFile; fileRef = 855BA982238FFB3100CE2709 /* KMAUI.h */; settings = {ATTRIBUTES = (Public, ); }; };
		855BA98C238FFBE500CE2709 /* KMAUIRoundedCornersView.swift in Sources */ = {isa = PBXBuildFile; fileRef = 855BA98B238FFBE500CE2709 /* KMAUIRoundedCornersView.swift */; };
		855BA98E238FFC2D00CE2709 /* KMAUIConstants.swift in Sources */ = {isa = PBXBuildFile; fileRef = 855BA98D238FFC2D00CE2709 /* KMAUIConstants.swift */; };
		855BA990238FFC6C00CE2709 /* KMAUIAssets.xcassets in Resources */ = {isa = PBXBuildFile; fileRef = 855BA98F238FFC6C00CE2709 /* KMAUIAssets.xcassets */; };
		85656AB923A3EB7F000CC21B /* KMAUIFoursquareTableViewCell.swift in Sources */ = {isa = PBXBuildFile; fileRef = 85656AB723A3EB7F000CC21B /* KMAUIFoursquareTableViewCell.swift */; };
		85656ABA23A3EB7F000CC21B /* KMAUIFoursquareTableViewCell.xib in Resources */ = {isa = PBXBuildFile; fileRef = 85656AB823A3EB7F000CC21B /* KMAUIFoursquareTableViewCell.xib */; };
		8597E2E023AA62980053F3F7 /* KMAUIDashboadNoDataTableViewCell.swift in Sources */ = {isa = PBXBuildFile; fileRef = 8597E2DE23AA62980053F3F7 /* KMAUIDashboadNoDataTableViewCell.swift */; };
		8597E2E123AA62980053F3F7 /* KMAUIDashboadNoDataTableViewCell.xib in Resources */ = {isa = PBXBuildFile; fileRef = 8597E2DF23AA62980053F3F7 /* KMAUIDashboadNoDataTableViewCell.xib */; };
		8597E2E923AAAE3A0053F3F7 /* KMAUIZoopla.swift in Sources */ = {isa = PBXBuildFile; fileRef = 8597E2E823AAAE3A0053F3F7 /* KMAUIZoopla.swift */; };
		8597E2EB23AAB0030053F3F7 /* KMAUIFoursquare.swift in Sources */ = {isa = PBXBuildFile; fileRef = 8597E2EA23AAB0030053F3F7 /* KMAUIFoursquare.swift */; };
		859BB2F523A12F5300CD5ECB /* KMAUIPropertyDataTableViewCell.swift in Sources */ = {isa = PBXBuildFile; fileRef = 859BB2F323A12F5300CD5ECB /* KMAUIPropertyDataTableViewCell.swift */; };
		859BB2F623A12F5300CD5ECB /* KMAUIPropertyDataTableViewCell.xib in Resources */ = {isa = PBXBuildFile; fileRef = 859BB2F423A12F5300CD5ECB /* KMAUIPropertyDataTableViewCell.xib */; };
		859BB2F823A13BE700CD5ECB /* KMAUIButtonFilled.swift in Sources */ = {isa = PBXBuildFile; fileRef = 859BB2F723A13BE600CD5ECB /* KMAUIButtonFilled.swift */; };
		859C8B6C2398005A00CAFF47 /* KMAUISearchTableViewCell.swift in Sources */ = {isa = PBXBuildFile; fileRef = 859C8B6A2398005A00CAFF47 /* KMAUISearchTableViewCell.swift */; };
		859C8B6D2398005A00CAFF47 /* KMAUISearchTableViewCell.xib in Resources */ = {isa = PBXBuildFile; fileRef = 859C8B6B2398005A00CAFF47 /* KMAUISearchTableViewCell.xib */; };
		859C8B6F2398059000CAFF47 /* KMAUIUtilities.swift in Sources */ = {isa = PBXBuildFile; fileRef = 859C8B6E2398059000CAFF47 /* KMAUIUtilities.swift */; };
		859C8B7223981C0200CAFF47 /* KMAUIStatusTableViewCell.swift in Sources */ = {isa = PBXBuildFile; fileRef = 859C8B7023981C0200CAFF47 /* KMAUIStatusTableViewCell.swift */; };
		859C8B7323981C0200CAFF47 /* KMAUIStatusTableViewCell.xib in Resources */ = {isa = PBXBuildFile; fileRef = 859C8B7123981C0200CAFF47 /* KMAUIStatusTableViewCell.xib */; };
		859C8B762398230400CAFF47 /* KMAUISaveButtonTableViewCell.swift in Sources */ = {isa = PBXBuildFile; fileRef = 859C8B742398230400CAFF47 /* KMAUISaveButtonTableViewCell.swift */; };
		859C8B772398230400CAFF47 /* KMAUISaveButtonTableViewCell.xib in Resources */ = {isa = PBXBuildFile; fileRef = 859C8B752398230400CAFF47 /* KMAUISaveButtonTableViewCell.xib */; };
		85AE341523AB8BEE00BF94BA /* KMAUIAccuWeather.swift in Sources */ = {isa = PBXBuildFile; fileRef = 85AE341423AB8BEE00BF94BA /* KMAUIAccuWeather.swift */; };
		85AFA45C23ABC943009FE9E6 /* KMAUIZooplaPropertyInfoTableViewCell.swift in Sources */ = {isa = PBXBuildFile; fileRef = 85AFA45A23ABC943009FE9E6 /* KMAUIZooplaPropertyInfoTableViewCell.swift */; };
		85AFA45D23ABC943009FE9E6 /* KMAUIZooplaPropertyInfoTableViewCell.xib in Resources */ = {isa = PBXBuildFile; fileRef = 85AFA45B23ABC943009FE9E6 /* KMAUIZooplaPropertyInfoTableViewCell.xib */; };
		85D071E523A2782700DF6F9E /* KMAUIDashboardWelcomeTableViewCell.swift in Sources */ = {isa = PBXBuildFile; fileRef = 85D071E323A2782700DF6F9E /* KMAUIDashboardWelcomeTableViewCell.swift */; };
		85D071E623A2782700DF6F9E /* KMAUIDashboardWelcomeTableViewCell.xib in Resources */ = {isa = PBXBuildFile; fileRef = 85D071E423A2782700DF6F9E /* KMAUIDashboardWelcomeTableViewCell.xib */; };
		85DD748823ABFCC300CC38B9 /* KMAUIZooplaPropertyDescriptionTableViewCell.swift in Sources */ = {isa = PBXBuildFile; fileRef = 85DD748623ABFCC200CC38B9 /* KMAUIZooplaPropertyDescriptionTableViewCell.swift */; };
		85DD748923ABFCC300CC38B9 /* KMAUIZooplaPropertyDescriptionTableViewCell.xib in Resources */ = {isa = PBXBuildFile; fileRef = 85DD748723ABFCC300CC38B9 /* KMAUIZooplaPropertyDescriptionTableViewCell.xib */; };
		85DD748C23ABFFF900CC38B9 /* KMAUIZooplaPropertyImageTableViewCell.swift in Sources */ = {isa = PBXBuildFile; fileRef = 85DD748A23ABFFF900CC38B9 /* KMAUIZooplaPropertyImageTableViewCell.swift */; };
		85DD748D23ABFFF900CC38B9 /* KMAUIZooplaPropertyImageTableViewCell.xib in Resources */ = {isa = PBXBuildFile; fileRef = 85DD748B23ABFFF900CC38B9 /* KMAUIZooplaPropertyImageTableViewCell.xib */; };
		85E0B32323A813A200547786 /* KMAUIZooplaPropertyAnalysisTableViewCell.swift in Sources */ = {isa = PBXBuildFile; fileRef = 85E0B32123A813A200547786 /* KMAUIZooplaPropertyAnalysisTableViewCell.swift */; };
		85E0B32423A813A200547786 /* KMAUIZooplaPropertyAnalysisTableViewCell.xib in Resources */ = {isa = PBXBuildFile; fileRef = 85E0B32223A813A200547786 /* KMAUIZooplaPropertyAnalysisTableViewCell.xib */; };
		85EEC395239E92EB009A6F63 /* KMAUILibraryTableViewCell.swift in Sources */ = {isa = PBXBuildFile; fileRef = 85EEC393239E92EB009A6F63 /* KMAUILibraryTableViewCell.swift */; };
		85EEC396239E92EB009A6F63 /* KMAUILibraryTableViewCell.xib in Resources */ = {isa = PBXBuildFile; fileRef = 85EEC394239E92EB009A6F63 /* KMAUILibraryTableViewCell.xib */; };
/* End PBXBuildFile section */

/* Begin PBXFileReference section */
		1347A4BD83539BDA7D7E6847 /* Pods-KMAUI.release.xcconfig */ = {isa = PBXFileReference; includeInIndex = 1; lastKnownFileType = text.xcconfig; name = "Pods-KMAUI.release.xcconfig"; path = "Target Support Files/Pods-KMAUI/Pods-KMAUI.release.xcconfig"; sourceTree = "<group>"; };
		3D11B4808B8EAB5AFDE69EDD /* Pods_KMAUI.framework */ = {isa = PBXFileReference; explicitFileType = wrapper.framework; includeInIndex = 0; path = Pods_KMAUI.framework; sourceTree = BUILT_PRODUCTS_DIR; };
		85113EAA23A8D96D0087DD3E /* KMAUIZooplaPropertyCollectionViewCell.swift */ = {isa = PBXFileReference; lastKnownFileType = sourcecode.swift; path = KMAUIZooplaPropertyCollectionViewCell.swift; sourceTree = "<group>"; };
		85113EAB23A8D96D0087DD3E /* KMAUIZooplaPropertyCollectionViewCell.xib */ = {isa = PBXFileReference; lastKnownFileType = file.xib; path = KMAUIZooplaPropertyCollectionViewCell.xib; sourceTree = "<group>"; };
		852181BE23915A2800A6B891 /* KMAUITitleLabel.swift */ = {isa = PBXFileReference; fileEncoding = 4; lastKnownFileType = sourcecode.swift; path = KMAUITitleLabel.swift; sourceTree = "<group>"; };
		852181C023915A2D00A6B891 /* KMAUITextLabel.swift */ = {isa = PBXFileReference; fileEncoding = 4; lastKnownFileType = sourcecode.swift; path = KMAUITextLabel.swift; sourceTree = "<group>"; };
		852181C223915A3400A6B891 /* KMAUIInfoLabel.swift */ = {isa = PBXFileReference; fileEncoding = 4; lastKnownFileType = sourcecode.swift; path = KMAUIInfoLabel.swift; sourceTree = "<group>"; };
		853D3AE423A3D19300C106EE /* KMAUIAccuWeatherTableViewCell.swift */ = {isa = PBXFileReference; lastKnownFileType = sourcecode.swift; path = KMAUIAccuWeatherTableViewCell.swift; sourceTree = "<group>"; };
		853D3AE523A3D19300C106EE /* KMAUIAccuWeatherTableViewCell.xib */ = {isa = PBXFileReference; lastKnownFileType = file.xib; path = KMAUIAccuWeatherTableViewCell.xib; sourceTree = "<group>"; };
		85476CA323968ECF00F6B74A /* KMAUITextFieldTableViewCell.swift */ = {isa = PBXFileReference; lastKnownFileType = sourcecode.swift; path = KMAUITextFieldTableViewCell.swift; sourceTree = "<group>"; };
		85476CA423968ECF00F6B74A /* KMAUITextFieldTableViewCell.xib */ = {isa = PBXFileReference; lastKnownFileType = file.xib; path = KMAUITextFieldTableViewCell.xib; sourceTree = "<group>"; };
		855BA97F238FFB3100CE2709 /* KMAUI.framework */ = {isa = PBXFileReference; explicitFileType = wrapper.framework; includeInIndex = 0; path = KMAUI.framework; sourceTree = BUILT_PRODUCTS_DIR; };
		855BA982238FFB3100CE2709 /* KMAUI.h */ = {isa = PBXFileReference; lastKnownFileType = sourcecode.c.h; path = KMAUI.h; sourceTree = "<group>"; };
		855BA983238FFB3100CE2709 /* Info.plist */ = {isa = PBXFileReference; lastKnownFileType = text.plist.xml; path = Info.plist; sourceTree = "<group>"; };
		855BA98B238FFBE500CE2709 /* KMAUIRoundedCornersView.swift */ = {isa = PBXFileReference; fileEncoding = 4; lastKnownFileType = sourcecode.swift; path = KMAUIRoundedCornersView.swift; sourceTree = "<group>"; };
		855BA98D238FFC2D00CE2709 /* KMAUIConstants.swift */ = {isa = PBXFileReference; lastKnownFileType = sourcecode.swift; path = KMAUIConstants.swift; sourceTree = "<group>"; };
		855BA98F238FFC6C00CE2709 /* KMAUIAssets.xcassets */ = {isa = PBXFileReference; lastKnownFileType = folder.assetcatalog; path = KMAUIAssets.xcassets; sourceTree = "<group>"; };
		85656AB723A3EB7F000CC21B /* KMAUIFoursquareTableViewCell.swift */ = {isa = PBXFileReference; lastKnownFileType = sourcecode.swift; path = KMAUIFoursquareTableViewCell.swift; sourceTree = "<group>"; };
		85656AB823A3EB7F000CC21B /* KMAUIFoursquareTableViewCell.xib */ = {isa = PBXFileReference; lastKnownFileType = file.xib; path = KMAUIFoursquareTableViewCell.xib; sourceTree = "<group>"; };
		8597E2DE23AA62980053F3F7 /* KMAUIDashboadNoDataTableViewCell.swift */ = {isa = PBXFileReference; lastKnownFileType = sourcecode.swift; path = KMAUIDashboadNoDataTableViewCell.swift; sourceTree = "<group>"; };
		8597E2DF23AA62980053F3F7 /* KMAUIDashboadNoDataTableViewCell.xib */ = {isa = PBXFileReference; lastKnownFileType = file.xib; path = KMAUIDashboadNoDataTableViewCell.xib; sourceTree = "<group>"; };
		8597E2E823AAAE3A0053F3F7 /* KMAUIZoopla.swift */ = {isa = PBXFileReference; lastKnownFileType = sourcecode.swift; path = KMAUIZoopla.swift; sourceTree = "<group>"; };
		8597E2EA23AAB0030053F3F7 /* KMAUIFoursquare.swift */ = {isa = PBXFileReference; lastKnownFileType = sourcecode.swift; path = KMAUIFoursquare.swift; sourceTree = "<group>"; };
		859BB2F323A12F5300CD5ECB /* KMAUIPropertyDataTableViewCell.swift */ = {isa = PBXFileReference; lastKnownFileType = sourcecode.swift; path = KMAUIPropertyDataTableViewCell.swift; sourceTree = "<group>"; };
		859BB2F423A12F5300CD5ECB /* KMAUIPropertyDataTableViewCell.xib */ = {isa = PBXFileReference; lastKnownFileType = file.xib; path = KMAUIPropertyDataTableViewCell.xib; sourceTree = "<group>"; };
		859BB2F723A13BE600CD5ECB /* KMAUIButtonFilled.swift */ = {isa = PBXFileReference; fileEncoding = 4; lastKnownFileType = sourcecode.swift; path = KMAUIButtonFilled.swift; sourceTree = "<group>"; };
		859C8B6A2398005A00CAFF47 /* KMAUISearchTableViewCell.swift */ = {isa = PBXFileReference; lastKnownFileType = sourcecode.swift; path = KMAUISearchTableViewCell.swift; sourceTree = "<group>"; };
		859C8B6B2398005A00CAFF47 /* KMAUISearchTableViewCell.xib */ = {isa = PBXFileReference; lastKnownFileType = file.xib; path = KMAUISearchTableViewCell.xib; sourceTree = "<group>"; };
		859C8B6E2398059000CAFF47 /* KMAUIUtilities.swift */ = {isa = PBXFileReference; lastKnownFileType = sourcecode.swift; path = KMAUIUtilities.swift; sourceTree = "<group>"; };
		859C8B7023981C0200CAFF47 /* KMAUIStatusTableViewCell.swift */ = {isa = PBXFileReference; lastKnownFileType = sourcecode.swift; path = KMAUIStatusTableViewCell.swift; sourceTree = "<group>"; };
		859C8B7123981C0200CAFF47 /* KMAUIStatusTableViewCell.xib */ = {isa = PBXFileReference; lastKnownFileType = file.xib; path = KMAUIStatusTableViewCell.xib; sourceTree = "<group>"; };
		859C8B742398230400CAFF47 /* KMAUISaveButtonTableViewCell.swift */ = {isa = PBXFileReference; lastKnownFileType = sourcecode.swift; path = KMAUISaveButtonTableViewCell.swift; sourceTree = "<group>"; };
		859C8B752398230400CAFF47 /* KMAUISaveButtonTableViewCell.xib */ = {isa = PBXFileReference; lastKnownFileType = file.xib; path = KMAUISaveButtonTableViewCell.xib; sourceTree = "<group>"; };
		85AE341423AB8BEE00BF94BA /* KMAUIAccuWeather.swift */ = {isa = PBXFileReference; lastKnownFileType = sourcecode.swift; path = KMAUIAccuWeather.swift; sourceTree = "<group>"; };
		85AFA45A23ABC943009FE9E6 /* KMAUIZooplaPropertyInfoTableViewCell.swift */ = {isa = PBXFileReference; lastKnownFileType = sourcecode.swift; path = KMAUIZooplaPropertyInfoTableViewCell.swift; sourceTree = "<group>"; };
		85AFA45B23ABC943009FE9E6 /* KMAUIZooplaPropertyInfoTableViewCell.xib */ = {isa = PBXFileReference; lastKnownFileType = file.xib; path = KMAUIZooplaPropertyInfoTableViewCell.xib; sourceTree = "<group>"; };
		85D071E323A2782700DF6F9E /* KMAUIDashboardWelcomeTableViewCell.swift */ = {isa = PBXFileReference; lastKnownFileType = sourcecode.swift; path = KMAUIDashboardWelcomeTableViewCell.swift; sourceTree = "<group>"; };
		85D071E423A2782700DF6F9E /* KMAUIDashboardWelcomeTableViewCell.xib */ = {isa = PBXFileReference; lastKnownFileType = file.xib; path = KMAUIDashboardWelcomeTableViewCell.xib; sourceTree = "<group>"; };
		85DD748623ABFCC200CC38B9 /* KMAUIZooplaPropertyDescriptionTableViewCell.swift */ = {isa = PBXFileReference; lastKnownFileType = sourcecode.swift; path = KMAUIZooplaPropertyDescriptionTableViewCell.swift; sourceTree = "<group>"; };
		85DD748723ABFCC300CC38B9 /* KMAUIZooplaPropertyDescriptionTableViewCell.xib */ = {isa = PBXFileReference; lastKnownFileType = file.xib; path = KMAUIZooplaPropertyDescriptionTableViewCell.xib; sourceTree = "<group>"; };
		85DD748A23ABFFF900CC38B9 /* KMAUIZooplaPropertyImageTableViewCell.swift */ = {isa = PBXFileReference; lastKnownFileType = sourcecode.swift; path = KMAUIZooplaPropertyImageTableViewCell.swift; sourceTree = "<group>"; };
		85DD748B23ABFFF900CC38B9 /* KMAUIZooplaPropertyImageTableViewCell.xib */ = {isa = PBXFileReference; lastKnownFileType = file.xib; path = KMAUIZooplaPropertyImageTableViewCell.xib; sourceTree = "<group>"; };
		85E0B32123A813A200547786 /* KMAUIZooplaPropertyAnalysisTableViewCell.swift */ = {isa = PBXFileReference; lastKnownFileType = sourcecode.swift; path = KMAUIZooplaPropertyAnalysisTableViewCell.swift; sourceTree = "<group>"; };
		85E0B32223A813A200547786 /* KMAUIZooplaPropertyAnalysisTableViewCell.xib */ = {isa = PBXFileReference; lastKnownFileType = file.xib; path = KMAUIZooplaPropertyAnalysisTableViewCell.xib; sourceTree = "<group>"; };
		85EEC393239E92EB009A6F63 /* KMAUILibraryTableViewCell.swift */ = {isa = PBXFileReference; lastKnownFileType = sourcecode.swift; path = KMAUILibraryTableViewCell.swift; sourceTree = "<group>"; };
		85EEC394239E92EB009A6F63 /* KMAUILibraryTableViewCell.xib */ = {isa = PBXFileReference; lastKnownFileType = file.xib; path = KMAUILibraryTableViewCell.xib; sourceTree = "<group>"; };
		EECBDD1DE69FE363230BA979 /* Pods-KMAUI.debug.xcconfig */ = {isa = PBXFileReference; includeInIndex = 1; lastKnownFileType = text.xcconfig; name = "Pods-KMAUI.debug.xcconfig"; path = "Target Support Files/Pods-KMAUI/Pods-KMAUI.debug.xcconfig"; sourceTree = "<group>"; };
/* End PBXFileReference section */

/* Begin PBXFrameworksBuildPhase section */
		855BA97C238FFB3100CE2709 /* Frameworks */ = {
			isa = PBXFrameworksBuildPhase;
			buildActionMask = 2147483647;
			files = (
				17117339460CEC697A5B7566 /* Pods_KMAUI.framework in Frameworks */,
			);
			runOnlyForDeploymentPostprocessing = 0;
		};
/* End PBXFrameworksBuildPhase section */

/* Begin PBXGroup section */
		53C44EC3DD0B664B94345866 /* Pods */ = {
			isa = PBXGroup;
			children = (
				EECBDD1DE69FE363230BA979 /* Pods-KMAUI.debug.xcconfig */,
				1347A4BD83539BDA7D7E6847 /* Pods-KMAUI.release.xcconfig */,
			);
			path = Pods;
			sourceTree = "<group>";
		};
		852181BC239159B200A6B891 /* Views */ = {
			isa = PBXGroup;
			children = (
				855BA98B238FFBE500CE2709 /* KMAUIRoundedCornersView.swift */,
			);
			path = Views;
			sourceTree = "<group>";
		};
		852181BD239159BA00A6B891 /* Labels */ = {
			isa = PBXGroup;
			children = (
				852181BE23915A2800A6B891 /* KMAUITitleLabel.swift */,
				852181C023915A2D00A6B891 /* KMAUITextLabel.swift */,
				852181C223915A3400A6B891 /* KMAUIInfoLabel.swift */,
			);
			path = Labels;
			sourceTree = "<group>";
		};
		85476CA723968FED00F6B74A /* Cells */ = {
			isa = PBXGroup;
			children = (
				85476CA323968ECF00F6B74A /* KMAUITextFieldTableViewCell.swift */,
				85476CA423968ECF00F6B74A /* KMAUITextFieldTableViewCell.xib */,
				859C8B6A2398005A00CAFF47 /* KMAUISearchTableViewCell.swift */,
				859C8B6B2398005A00CAFF47 /* KMAUISearchTableViewCell.xib */,
				859C8B7023981C0200CAFF47 /* KMAUIStatusTableViewCell.swift */,
				859C8B7123981C0200CAFF47 /* KMAUIStatusTableViewCell.xib */,
				859C8B742398230400CAFF47 /* KMAUISaveButtonTableViewCell.swift */,
				859C8B752398230400CAFF47 /* KMAUISaveButtonTableViewCell.xib */,
				85EEC393239E92EB009A6F63 /* KMAUILibraryTableViewCell.swift */,
				85EEC394239E92EB009A6F63 /* KMAUILibraryTableViewCell.xib */,
				859BB2F323A12F5300CD5ECB /* KMAUIPropertyDataTableViewCell.swift */,
				859BB2F423A12F5300CD5ECB /* KMAUIPropertyDataTableViewCell.xib */,
				85D071E323A2782700DF6F9E /* KMAUIDashboardWelcomeTableViewCell.swift */,
				85D071E423A2782700DF6F9E /* KMAUIDashboardWelcomeTableViewCell.xib */,
				853D3AE423A3D19300C106EE /* KMAUIAccuWeatherTableViewCell.swift */,
				853D3AE523A3D19300C106EE /* KMAUIAccuWeatherTableViewCell.xib */,
				85656AB723A3EB7F000CC21B /* KMAUIFoursquareTableViewCell.swift */,
				85656AB823A3EB7F000CC21B /* KMAUIFoursquareTableViewCell.xib */,
				8597E2DE23AA62980053F3F7 /* KMAUIDashboadNoDataTableViewCell.swift */,
				8597E2DF23AA62980053F3F7 /* KMAUIDashboadNoDataTableViewCell.xib */,
				85AFA45923ABC82C009FE9E6 /* Zoopla */,
			);
			path = Cells;
			sourceTree = "<group>";
		};
		855BA975238FFB3100CE2709 = {
			isa = PBXGroup;
			children = (
				855BA981238FFB3100CE2709 /* KMAUI */,
				855BA980238FFB3100CE2709 /* Products */,
				53C44EC3DD0B664B94345866 /* Pods */,
				E4B4A999F93900155EAE2A7A /* Frameworks */,
			);
			sourceTree = "<group>";
		};
		855BA980238FFB3100CE2709 /* Products */ = {
			isa = PBXGroup;
			children = (
				855BA97F238FFB3100CE2709 /* KMAUI.framework */,
			);
			name = Products;
			sourceTree = "<group>";
		};
		855BA981238FFB3100CE2709 /* KMAUI */ = {
			isa = PBXGroup;
			children = (
				855BA982238FFB3100CE2709 /* KMAUI.h */,
				855BA98A238FFBD000CE2709 /* UI Items */,
				855BA983238FFB3100CE2709 /* Info.plist */,
			);
			path = KMAUI;
			sourceTree = "<group>";
		};
		855BA98A238FFBD000CE2709 /* UI Items */ = {
			isa = PBXGroup;
			children = (
				85476CA723968FED00F6B74A /* Cells */,
				852181BD239159BA00A6B891 /* Labels */,
				852181BC239159B200A6B891 /* Views */,
				859BB2F923A13BEB00CD5ECB /* Buttons */,
				855BA98D238FFC2D00CE2709 /* KMAUIConstants.swift */,
				859C8B6E2398059000CAFF47 /* KMAUIUtilities.swift */,
				85AE341423AB8BEE00BF94BA /* KMAUIAccuWeather.swift */,
				8597E2EA23AAB0030053F3F7 /* KMAUIFoursquare.swift */,
				8597E2E823AAAE3A0053F3F7 /* KMAUIZoopla.swift */,
				855BA98F238FFC6C00CE2709 /* KMAUIAssets.xcassets */,
			);
			path = "UI Items";
			sourceTree = "<group>";
		};
		859BB2F923A13BEB00CD5ECB /* Buttons */ = {
			isa = PBXGroup;
			children = (
				859BB2F723A13BE600CD5ECB /* KMAUIButtonFilled.swift */,
			);
			path = Buttons;
			sourceTree = "<group>";
		};
		85AFA45923ABC82C009FE9E6 /* Zoopla */ = {
			isa = PBXGroup;
			children = (
				85E0B32123A813A200547786 /* KMAUIZooplaPropertyAnalysisTableViewCell.swift */,
				85E0B32223A813A200547786 /* KMAUIZooplaPropertyAnalysisTableViewCell.xib */,
				85113EAA23A8D96D0087DD3E /* KMAUIZooplaPropertyCollectionViewCell.swift */,
				85113EAB23A8D96D0087DD3E /* KMAUIZooplaPropertyCollectionViewCell.xib */,
				85AFA45A23ABC943009FE9E6 /* KMAUIZooplaPropertyInfoTableViewCell.swift */,
				85AFA45B23ABC943009FE9E6 /* KMAUIZooplaPropertyInfoTableViewCell.xib */,
				85DD748623ABFCC200CC38B9 /* KMAUIZooplaPropertyDescriptionTableViewCell.swift */,
				85DD748723ABFCC300CC38B9 /* KMAUIZooplaPropertyDescriptionTableViewCell.xib */,
				85DD748A23ABFFF900CC38B9 /* KMAUIZooplaPropertyImageTableViewCell.swift */,
				85DD748B23ABFFF900CC38B9 /* KMAUIZooplaPropertyImageTableViewCell.xib */,
			);
			path = Zoopla;
			sourceTree = "<group>";
		};
		E4B4A999F93900155EAE2A7A /* Frameworks */ = {
			isa = PBXGroup;
			children = (
				3D11B4808B8EAB5AFDE69EDD /* Pods_KMAUI.framework */,
			);
			name = Frameworks;
			sourceTree = "<group>";
		};
/* End PBXGroup section */

/* Begin PBXHeadersBuildPhase section */
		855BA97A238FFB3100CE2709 /* Headers */ = {
			isa = PBXHeadersBuildPhase;
			buildActionMask = 2147483647;
			files = (
				855BA984238FFB3100CE2709 /* KMAUI.h in Headers */,
			);
			runOnlyForDeploymentPostprocessing = 0;
		};
/* End PBXHeadersBuildPhase section */

/* Begin PBXNativeTarget section */
		855BA97E238FFB3100CE2709 /* KMAUI */ = {
			isa = PBXNativeTarget;
			buildConfigurationList = 855BA987238FFB3100CE2709 /* Build configuration list for PBXNativeTarget "KMAUI" */;
			buildPhases = (
				D5E6A8941F9729ABF558AA03 /* [CP] Check Pods Manifest.lock */,
				855BA97A238FFB3100CE2709 /* Headers */,
				855BA97B238FFB3100CE2709 /* Sources */,
				855BA97C238FFB3100CE2709 /* Frameworks */,
				855BA97D238FFB3100CE2709 /* Resources */,
			);
			buildRules = (
			);
			dependencies = (
			);
			name = KMAUI;
			productName = KMAUI;
			productReference = 855BA97F238FFB3100CE2709 /* KMAUI.framework */;
			productType = "com.apple.product-type.framework";
		};
/* End PBXNativeTarget section */

/* Begin PBXProject section */
		855BA976238FFB3100CE2709 /* Project object */ = {
			isa = PBXProject;
			attributes = {
				LastUpgradeCheck = 1120;
				ORGANIZATIONNAME = "Stanislav Rastvorov";
				TargetAttributes = {
					855BA97E238FFB3100CE2709 = {
						CreatedOnToolsVersion = 11.2.1;
						LastSwiftMigration = 1120;
					};
				};
			};
			buildConfigurationList = 855BA979238FFB3100CE2709 /* Build configuration list for PBXProject "KMAUI" */;
			compatibilityVersion = "Xcode 9.3";
			developmentRegion = en;
			hasScannedForEncodings = 0;
			knownRegions = (
				en,
				Base,
			);
			mainGroup = 855BA975238FFB3100CE2709;
			productRefGroup = 855BA980238FFB3100CE2709 /* Products */;
			projectDirPath = "";
			projectRoot = "";
			targets = (
				855BA97E238FFB3100CE2709 /* KMAUI */,
			);
		};
/* End PBXProject section */

/* Begin PBXResourcesBuildPhase section */
		855BA97D238FFB3100CE2709 /* Resources */ = {
			isa = PBXResourcesBuildPhase;
			buildActionMask = 2147483647;
			files = (
				85656ABA23A3EB7F000CC21B /* KMAUIFoursquareTableViewCell.xib in Resources */,
				85DD748D23ABFFF900CC38B9 /* KMAUIZooplaPropertyImageTableViewCell.xib in Resources */,
				8597E2E123AA62980053F3F7 /* KMAUIDashboadNoDataTableViewCell.xib in Resources */,
				859BB2F623A12F5300CD5ECB /* KMAUIPropertyDataTableViewCell.xib in Resources */,
				855BA990238FFC6C00CE2709 /* KMAUIAssets.xcassets in Resources */,
				859C8B772398230400CAFF47 /* KMAUISaveButtonTableViewCell.xib in Resources */,
				85AFA45D23ABC943009FE9E6 /* KMAUIZooplaPropertyInfoTableViewCell.xib in Resources */,
				85EEC396239E92EB009A6F63 /* KMAUILibraryTableViewCell.xib in Resources */,
				85E0B32423A813A200547786 /* KMAUIZooplaPropertyAnalysisTableViewCell.xib in Resources */,
				85DD748923ABFCC300CC38B9 /* KMAUIZooplaPropertyDescriptionTableViewCell.xib in Resources */,
				85476CA623968ECF00F6B74A /* KMAUITextFieldTableViewCell.xib in Resources */,
				85D071E623A2782700DF6F9E /* KMAUIDashboardWelcomeTableViewCell.xib in Resources */,
				853D3AE723A3D19300C106EE /* KMAUIAccuWeatherTableViewCell.xib in Resources */,
				859C8B6D2398005A00CAFF47 /* KMAUISearchTableViewCell.xib in Resources */,
				85113EAD23A8D96D0087DD3E /* KMAUIZooplaPropertyCollectionViewCell.xib in Resources */,
				859C8B7323981C0200CAFF47 /* KMAUIStatusTableViewCell.xib in Resources */,
			);
			runOnlyForDeploymentPostprocessing = 0;
		};
/* End PBXResourcesBuildPhase section */

/* Begin PBXShellScriptBuildPhase section */
		D5E6A8941F9729ABF558AA03 /* [CP] Check Pods Manifest.lock */ = {
			isa = PBXShellScriptBuildPhase;
			buildActionMask = 2147483647;
			files = (
			);
			inputFileListPaths = (
			);
			inputPaths = (
				"${PODS_PODFILE_DIR_PATH}/Podfile.lock",
				"${PODS_ROOT}/Manifest.lock",
			);
			name = "[CP] Check Pods Manifest.lock";
			outputFileListPaths = (
			);
			outputPaths = (
				"$(DERIVED_FILE_DIR)/Pods-KMAUI-checkManifestLockResult.txt",
			);
			runOnlyForDeploymentPostprocessing = 0;
			shellPath = /bin/sh;
			shellScript = "diff \"${PODS_PODFILE_DIR_PATH}/Podfile.lock\" \"${PODS_ROOT}/Manifest.lock\" > /dev/null\nif [ $? != 0 ] ; then\n    # print error to STDERR\n    echo \"error: The sandbox is not in sync with the Podfile.lock. Run 'pod install' or update your CocoaPods installation.\" >&2\n    exit 1\nfi\n# This output is used by Xcode 'outputs' to avoid re-running this script phase.\necho \"SUCCESS\" > \"${SCRIPT_OUTPUT_FILE_0}\"\n";
			showEnvVarsInLog = 0;
		};
/* End PBXShellScriptBuildPhase section */

/* Begin PBXSourcesBuildPhase section */
		855BA97B238FFB3100CE2709 /* Sources */ = {
			isa = PBXSourcesBuildPhase;
			buildActionMask = 2147483647;
			files = (
				852181BF23915A2800A6B891 /* KMAUITitleLabel.swift in Sources */,
				8597E2E023AA62980053F3F7 /* KMAUIDashboadNoDataTableViewCell.swift in Sources */,
				859C8B7223981C0200CAFF47 /* KMAUIStatusTableViewCell.swift in Sources */,
				859C8B762398230400CAFF47 /* KMAUISaveButtonTableViewCell.swift in Sources */,
				85DD748823ABFCC300CC38B9 /* KMAUIZooplaPropertyDescriptionTableViewCell.swift in Sources */,
				855BA98C238FFBE500CE2709 /* KMAUIRoundedCornersView.swift in Sources */,
				85656AB923A3EB7F000CC21B /* KMAUIFoursquareTableViewCell.swift in Sources */,
				859C8B6F2398059000CAFF47 /* KMAUIUtilities.swift in Sources */,
				85D071E523A2782700DF6F9E /* KMAUIDashboardWelcomeTableViewCell.swift in Sources */,
				85AFA45C23ABC943009FE9E6 /* KMAUIZooplaPropertyInfoTableViewCell.swift in Sources */,
				8597E2E923AAAE3A0053F3F7 /* KMAUIZoopla.swift in Sources */,
				855BA98E238FFC2D00CE2709 /* KMAUIConstants.swift in Sources */,
				85476CA523968ECF00F6B74A /* KMAUITextFieldTableViewCell.swift in Sources */,
				85E0B32323A813A200547786 /* KMAUIZooplaPropertyAnalysisTableViewCell.swift in Sources */,
				8597E2EB23AAB0030053F3F7 /* KMAUIFoursquare.swift in Sources */,
				85113EAC23A8D96D0087DD3E /* KMAUIZooplaPropertyCollectionViewCell.swift in Sources */,
				859BB2F823A13BE700CD5ECB /* KMAUIButtonFilled.swift in Sources */,
				853D3AE623A3D19300C106EE /* KMAUIAccuWeatherTableViewCell.swift in Sources */,
				85AE341523AB8BEE00BF94BA /* KMAUIAccuWeather.swift in Sources */,
				859C8B6C2398005A00CAFF47 /* KMAUISearchTableViewCell.swift in Sources */,
				85DD748C23ABFFF900CC38B9 /* KMAUIZooplaPropertyImageTableViewCell.swift in Sources */,
				859BB2F523A12F5300CD5ECB /* KMAUIPropertyDataTableViewCell.swift in Sources */,
				852181C323915A3400A6B891 /* KMAUIInfoLabel.swift in Sources */,
				85EEC395239E92EB009A6F63 /* KMAUILibraryTableViewCell.swift in Sources */,
				852181C123915A2D00A6B891 /* KMAUITextLabel.swift in Sources */,
			);
			runOnlyForDeploymentPostprocessing = 0;
		};
/* End PBXSourcesBuildPhase section */

/* Begin XCBuildConfiguration section */
		855BA985238FFB3100CE2709 /* Debug */ = {
			isa = XCBuildConfiguration;
			buildSettings = {
				ALWAYS_SEARCH_USER_PATHS = NO;
				CLANG_ANALYZER_NONNULL = YES;
				CLANG_ANALYZER_NUMBER_OBJECT_CONVERSION = YES_AGGRESSIVE;
				CLANG_CXX_LANGUAGE_STANDARD = "gnu++14";
				CLANG_CXX_LIBRARY = "libc++";
				CLANG_ENABLE_MODULES = YES;
				CLANG_ENABLE_OBJC_ARC = YES;
				CLANG_ENABLE_OBJC_WEAK = YES;
				CLANG_WARN_BLOCK_CAPTURE_AUTORELEASING = YES;
				CLANG_WARN_BOOL_CONVERSION = YES;
				CLANG_WARN_COMMA = YES;
				CLANG_WARN_CONSTANT_CONVERSION = YES;
				CLANG_WARN_DEPRECATED_OBJC_IMPLEMENTATIONS = YES;
				CLANG_WARN_DIRECT_OBJC_ISA_USAGE = YES_ERROR;
				CLANG_WARN_DOCUMENTATION_COMMENTS = YES;
				CLANG_WARN_EMPTY_BODY = YES;
				CLANG_WARN_ENUM_CONVERSION = YES;
				CLANG_WARN_INFINITE_RECURSION = YES;
				CLANG_WARN_INT_CONVERSION = YES;
				CLANG_WARN_NON_LITERAL_NULL_CONVERSION = YES;
				CLANG_WARN_OBJC_IMPLICIT_RETAIN_SELF = YES;
				CLANG_WARN_OBJC_LITERAL_CONVERSION = YES;
				CLANG_WARN_OBJC_ROOT_CLASS = YES_ERROR;
				CLANG_WARN_RANGE_LOOP_ANALYSIS = YES;
				CLANG_WARN_STRICT_PROTOTYPES = YES;
				CLANG_WARN_SUSPICIOUS_MOVE = YES;
				CLANG_WARN_UNGUARDED_AVAILABILITY = YES_AGGRESSIVE;
				CLANG_WARN_UNREACHABLE_CODE = YES;
				CLANG_WARN__DUPLICATE_METHOD_MATCH = YES;
				COPY_PHASE_STRIP = NO;
				CURRENT_PROJECT_VERSION = 1;
				DEBUG_INFORMATION_FORMAT = dwarf;
				ENABLE_STRICT_OBJC_MSGSEND = YES;
				ENABLE_TESTABILITY = YES;
				GCC_C_LANGUAGE_STANDARD = gnu11;
				GCC_DYNAMIC_NO_PIC = NO;
				GCC_NO_COMMON_BLOCKS = YES;
				GCC_OPTIMIZATION_LEVEL = 0;
				GCC_PREPROCESSOR_DEFINITIONS = (
					"DEBUG=1",
					"$(inherited)",
				);
				GCC_WARN_64_TO_32_BIT_CONVERSION = YES;
				GCC_WARN_ABOUT_RETURN_TYPE = YES_ERROR;
				GCC_WARN_UNDECLARED_SELECTOR = YES;
				GCC_WARN_UNINITIALIZED_AUTOS = YES_AGGRESSIVE;
				GCC_WARN_UNUSED_FUNCTION = YES;
				GCC_WARN_UNUSED_VARIABLE = YES;
				IPHONEOS_DEPLOYMENT_TARGET = 13.2;
				MTL_ENABLE_DEBUG_INFO = INCLUDE_SOURCE;
				MTL_FAST_MATH = YES;
				ONLY_ACTIVE_ARCH = YES;
				SDKROOT = iphoneos;
				SWIFT_ACTIVE_COMPILATION_CONDITIONS = DEBUG;
				SWIFT_OPTIMIZATION_LEVEL = "-Onone";
				VERSIONING_SYSTEM = "apple-generic";
				VERSION_INFO_PREFIX = "";
			};
			name = Debug;
		};
		855BA986238FFB3100CE2709 /* Release */ = {
			isa = XCBuildConfiguration;
			buildSettings = {
				ALWAYS_SEARCH_USER_PATHS = NO;
				CLANG_ANALYZER_NONNULL = YES;
				CLANG_ANALYZER_NUMBER_OBJECT_CONVERSION = YES_AGGRESSIVE;
				CLANG_CXX_LANGUAGE_STANDARD = "gnu++14";
				CLANG_CXX_LIBRARY = "libc++";
				CLANG_ENABLE_MODULES = YES;
				CLANG_ENABLE_OBJC_ARC = YES;
				CLANG_ENABLE_OBJC_WEAK = YES;
				CLANG_WARN_BLOCK_CAPTURE_AUTORELEASING = YES;
				CLANG_WARN_BOOL_CONVERSION = YES;
				CLANG_WARN_COMMA = YES;
				CLANG_WARN_CONSTANT_CONVERSION = YES;
				CLANG_WARN_DEPRECATED_OBJC_IMPLEMENTATIONS = YES;
				CLANG_WARN_DIRECT_OBJC_ISA_USAGE = YES_ERROR;
				CLANG_WARN_DOCUMENTATION_COMMENTS = YES;
				CLANG_WARN_EMPTY_BODY = YES;
				CLANG_WARN_ENUM_CONVERSION = YES;
				CLANG_WARN_INFINITE_RECURSION = YES;
				CLANG_WARN_INT_CONVERSION = YES;
				CLANG_WARN_NON_LITERAL_NULL_CONVERSION = YES;
				CLANG_WARN_OBJC_IMPLICIT_RETAIN_SELF = YES;
				CLANG_WARN_OBJC_LITERAL_CONVERSION = YES;
				CLANG_WARN_OBJC_ROOT_CLASS = YES_ERROR;
				CLANG_WARN_RANGE_LOOP_ANALYSIS = YES;
				CLANG_WARN_STRICT_PROTOTYPES = YES;
				CLANG_WARN_SUSPICIOUS_MOVE = YES;
				CLANG_WARN_UNGUARDED_AVAILABILITY = YES_AGGRESSIVE;
				CLANG_WARN_UNREACHABLE_CODE = YES;
				CLANG_WARN__DUPLICATE_METHOD_MATCH = YES;
				COPY_PHASE_STRIP = NO;
				CURRENT_PROJECT_VERSION = 1;
				DEBUG_INFORMATION_FORMAT = "dwarf-with-dsym";
				ENABLE_NS_ASSERTIONS = NO;
				ENABLE_STRICT_OBJC_MSGSEND = YES;
				GCC_C_LANGUAGE_STANDARD = gnu11;
				GCC_NO_COMMON_BLOCKS = YES;
				GCC_WARN_64_TO_32_BIT_CONVERSION = YES;
				GCC_WARN_ABOUT_RETURN_TYPE = YES_ERROR;
				GCC_WARN_UNDECLARED_SELECTOR = YES;
				GCC_WARN_UNINITIALIZED_AUTOS = YES_AGGRESSIVE;
				GCC_WARN_UNUSED_FUNCTION = YES;
				GCC_WARN_UNUSED_VARIABLE = YES;
				IPHONEOS_DEPLOYMENT_TARGET = 13.2;
				MTL_ENABLE_DEBUG_INFO = NO;
				MTL_FAST_MATH = YES;
				SDKROOT = iphoneos;
				SWIFT_COMPILATION_MODE = wholemodule;
				SWIFT_OPTIMIZATION_LEVEL = "-O";
				VALIDATE_PRODUCT = YES;
				VERSIONING_SYSTEM = "apple-generic";
				VERSION_INFO_PREFIX = "";
			};
			name = Release;
		};
		855BA988238FFB3100CE2709 /* Debug */ = {
			isa = XCBuildConfiguration;
			baseConfigurationReference = EECBDD1DE69FE363230BA979 /* Pods-KMAUI.debug.xcconfig */;
			buildSettings = {
				CLANG_ENABLE_MODULES = YES;
				CODE_SIGN_STYLE = Automatic;
				DEFINES_MODULE = YES;
				DEVELOPMENT_TEAM = CGLWULMA8G;
				DYLIB_COMPATIBILITY_VERSION = 1;
				DYLIB_CURRENT_VERSION = 1;
				DYLIB_INSTALL_NAME_BASE = "@rpath";
				INFOPLIST_FILE = KMAUI/Info.plist;
				INSTALL_PATH = "$(LOCAL_LIBRARY_DIR)/Frameworks";
				LD_RUNPATH_SEARCH_PATHS = (
					"$(inherited)",
					"@executable_path/Frameworks",
					"@loader_path/Frameworks",
				);
				PRODUCT_BUNDLE_IDENTIFIER = com.sircfc.KMAUI;
				PRODUCT_NAME = "$(TARGET_NAME:c99extidentifier)";
				SKIP_INSTALL = YES;
				SWIFT_OPTIMIZATION_LEVEL = "-Onone";
				SWIFT_VERSION = 5.0;
				TARGETED_DEVICE_FAMILY = "1,2";
			};
			name = Debug;
		};
		855BA989238FFB3100CE2709 /* Release */ = {
			isa = XCBuildConfiguration;
			baseConfigurationReference = 1347A4BD83539BDA7D7E6847 /* Pods-KMAUI.release.xcconfig */;
			buildSettings = {
				CLANG_ENABLE_MODULES = YES;
				CODE_SIGN_STYLE = Automatic;
				DEFINES_MODULE = YES;
				DEVELOPMENT_TEAM = CGLWULMA8G;
				DYLIB_COMPATIBILITY_VERSION = 1;
				DYLIB_CURRENT_VERSION = 1;
				DYLIB_INSTALL_NAME_BASE = "@rpath";
				INFOPLIST_FILE = KMAUI/Info.plist;
				INSTALL_PATH = "$(LOCAL_LIBRARY_DIR)/Frameworks";
				LD_RUNPATH_SEARCH_PATHS = (
					"$(inherited)",
					"@executable_path/Frameworks",
					"@loader_path/Frameworks",
				);
				PRODUCT_BUNDLE_IDENTIFIER = com.sircfc.KMAUI;
				PRODUCT_NAME = "$(TARGET_NAME:c99extidentifier)";
				SKIP_INSTALL = YES;
				SWIFT_VERSION = 5.0;
				TARGETED_DEVICE_FAMILY = "1,2";
			};
			name = Release;
		};
/* End XCBuildConfiguration section */

/* Begin XCConfigurationList section */
		855BA979238FFB3100CE2709 /* Build configuration list for PBXProject "KMAUI" */ = {
			isa = XCConfigurationList;
			buildConfigurations = (
				855BA985238FFB3100CE2709 /* Debug */,
				855BA986238FFB3100CE2709 /* Release */,
			);
			defaultConfigurationIsVisible = 0;
			defaultConfigurationName = Release;
		};
		855BA987238FFB3100CE2709 /* Build configuration list for PBXNativeTarget "KMAUI" */ = {
			isa = XCConfigurationList;
			buildConfigurations = (
				855BA988238FFB3100CE2709 /* Debug */,
				855BA989238FFB3100CE2709 /* Release */,
			);
			defaultConfigurationIsVisible = 0;
			defaultConfigurationName = Release;
		};
/* End XCConfigurationList section */
	};
	rootObject = 855BA976238FFB3100CE2709 /* Project object */;
}
