// !$*UTF8*$!
{
	archiveVersion = 1;
	classes = {
	};
	objectVersion = 50;
	objects = {

/* Begin PBXBuildFile section */
		17117339460CEC697A5B7566 /* Pods_KMAUI.framework in Frameworks */ = {isa = PBXBuildFile; fileRef = 3D11B4808B8EAB5AFDE69EDD /* Pods_KMAUI.framework */; };
		852181BF23915A2800A6B891 /* KMAUITitleLabel.swift in Sources */ = {isa = PBXBuildFile; fileRef = 852181BE23915A2800A6B891 /* KMAUITitleLabel.swift */; };
		852181C123915A2D00A6B891 /* KMAUITextLabel.swift in Sources */ = {isa = PBXBuildFile; fileRef = 852181C023915A2D00A6B891 /* KMAUITextLabel.swift */; };
		852181C323915A3400A6B891 /* KMAUIInfoLabel.swift in Sources */ = {isa = PBXBuildFile; fileRef = 852181C223915A3400A6B891 /* KMAUIInfoLabel.swift */; };
		85476CA523968ECF00F6B74A /* KMAUITextFieldTableViewCell.swift in Sources */ = {isa = PBXBuildFile; fileRef = 85476CA323968ECF00F6B74A /* KMAUITextFieldTableViewCell.swift */; };
		85476CA623968ECF00F6B74A /* KMAUITextFieldTableViewCell.xib in Resources */ = {isa = PBXBuildFile; fileRef = 85476CA423968ECF00F6B74A /* KMAUITextFieldTableViewCell.xib */; };
		855BA984238FFB3100CE2709 /* KMAUI.h in Headers */ = {isa = PBXBuildFile; fileRef = 855BA982238FFB3100CE2709 /* KMAUI.h */; settings = {ATTRIBUTES = (Public, ); }; };
		855BA98C238FFBE500CE2709 /* KMAUIRoundedCornersView.swift in Sources */ = {isa = PBXBuildFile; fileRef = 855BA98B238FFBE500CE2709 /* KMAUIRoundedCornersView.swift */; };
		855BA98E238FFC2D00CE2709 /* KMAUIConstants.swift in Sources */ = {isa = PBXBuildFile; fileRef = 855BA98D238FFC2D00CE2709 /* KMAUIConstants.swift */; };
		855BA990238FFC6C00CE2709 /* KMAUIAssets.xcassets in Resources */ = {isa = PBXBuildFile; fileRef = 855BA98F238FFC6C00CE2709 /* KMAUIAssets.xcassets */; };
/* End PBXBuildFile section */

/* Begin PBXFileReference section */
		1347A4BD83539BDA7D7E6847 /* Pods-KMAUI.release.xcconfig */ = {isa = PBXFileReference; includeInIndex = 1; lastKnownFileType = text.xcconfig; name = "Pods-KMAUI.release.xcconfig"; path = "Target Support Files/Pods-KMAUI/Pods-KMAUI.release.xcconfig"; sourceTree = "<group>"; };
		3D11B4808B8EAB5AFDE69EDD /* Pods_KMAUI.framework */ = {isa = PBXFileReference; explicitFileType = wrapper.framework; includeInIndex = 0; path = Pods_KMAUI.framework; sourceTree = BUILT_PRODUCTS_DIR; };
		852181BE23915A2800A6B891 /* KMAUITitleLabel.swift */ = {isa = PBXFileReference; fileEncoding = 4; lastKnownFileType = sourcecode.swift; path = KMAUITitleLabel.swift; sourceTree = "<group>"; };
		852181C023915A2D00A6B891 /* KMAUITextLabel.swift */ = {isa = PBXFileReference; fileEncoding = 4; lastKnownFileType = sourcecode.swift; path = KMAUITextLabel.swift; sourceTree = "<group>"; };
		852181C223915A3400A6B891 /* KMAUIInfoLabel.swift */ = {isa = PBXFileReference; fileEncoding = 4; lastKnownFileType = sourcecode.swift; path = KMAUIInfoLabel.swift; sourceTree = "<group>"; };
		85476CA323968ECF00F6B74A /* KMAUITextFieldTableViewCell.swift */ = {isa = PBXFileReference; lastKnownFileType = sourcecode.swift; path = KMAUITextFieldTableViewCell.swift; sourceTree = "<group>"; };
		85476CA423968ECF00F6B74A /* KMAUITextFieldTableViewCell.xib */ = {isa = PBXFileReference; lastKnownFileType = file.xib; path = KMAUITextFieldTableViewCell.xib; sourceTree = "<group>"; };
		855BA97F238FFB3100CE2709 /* KMAUI.framework */ = {isa = PBXFileReference; explicitFileType = wrapper.framework; includeInIndex = 0; path = KMAUI.framework; sourceTree = BUILT_PRODUCTS_DIR; };
		855BA982238FFB3100CE2709 /* KMAUI.h */ = {isa = PBXFileReference; lastKnownFileType = sourcecode.c.h; path = KMAUI.h; sourceTree = "<group>"; };
		855BA983238FFB3100CE2709 /* Info.plist */ = {isa = PBXFileReference; lastKnownFileType = text.plist.xml; path = Info.plist; sourceTree = "<group>"; };
		855BA98B238FFBE500CE2709 /* KMAUIRoundedCornersView.swift */ = {isa = PBXFileReference; fileEncoding = 4; lastKnownFileType = sourcecode.swift; path = KMAUIRoundedCornersView.swift; sourceTree = "<group>"; };
		855BA98D238FFC2D00CE2709 /* KMAUIConstants.swift */ = {isa = PBXFileReference; lastKnownFileType = sourcecode.swift; path = KMAUIConstants.swift; sourceTree = "<group>"; };
		855BA98F238FFC6C00CE2709 /* KMAUIAssets.xcassets */ = {isa = PBXFileReference; lastKnownFileType = folder.assetcatalog; path = KMAUIAssets.xcassets; sourceTree = "<group>"; };
		EECBDD1DE69FE363230BA979 /* Pods-KMAUI.debug.xcconfig */ = {isa = PBXFileReference; includeInIndex = 1; lastKnownFileType = text.xcconfig; name = "Pods-KMAUI.debug.xcconfig"; path = "Target Support Files/Pods-KMAUI/Pods-KMAUI.debug.xcconfig"; sourceTree = "<group>"; };
/* End PBXFileReference section */

/* Begin PBXFrameworksBuildPhase section */
		855BA97C238FFB3100CE2709 /* Frameworks */ = {
			isa = PBXFrameworksBuildPhase;
			buildActionMask = 2147483647;
			files = (
				17117339460CEC697A5B7566 /* Pods_KMAUI.framework in Frameworks */,
			);
			runOnlyForDeploymentPostprocessing = 0;
		};
/* End PBXFrameworksBuildPhase section */

/* Begin PBXGroup section */
		53C44EC3DD0B664B94345866 /* Pods */ = {
			isa = PBXGroup;
			children = (
				EECBDD1DE69FE363230BA979 /* Pods-KMAUI.debug.xcconfig */,
				1347A4BD83539BDA7D7E6847 /* Pods-KMAUI.release.xcconfig */,
			);
			path = Pods;
			sourceTree = "<group>";
		};
		852181BC239159B200A6B891 /* Views */ = {
			isa = PBXGroup;
			children = (
				855BA98B238FFBE500CE2709 /* KMAUIRoundedCornersView.swift */,
			);
			path = Views;
			sourceTree = "<group>";
		};
		852181BD239159BA00A6B891 /* Labels */ = {
			isa = PBXGroup;
			children = (
				852181BE23915A2800A6B891 /* KMAUITitleLabel.swift */,
				852181C023915A2D00A6B891 /* KMAUITextLabel.swift */,
				852181C223915A3400A6B891 /* KMAUIInfoLabel.swift */,
			);
			path = Labels;
			sourceTree = "<group>";
		};
		85476CA723968FED00F6B74A /* Cells */ = {
			isa = PBXGroup;
			children = (
				85476CA323968ECF00F6B74A /* KMAUITextFieldTableViewCell.swift */,
				85476CA423968ECF00F6B74A /* KMAUITextFieldTableViewCell.xib */,
			);
			path = Cells;
			sourceTree = "<group>";
		};
		855BA975238FFB3100CE2709 = {
			isa = PBXGroup;
			children = (
				855BA981238FFB3100CE2709 /* KMAUI */,
				855BA980238FFB3100CE2709 /* Products */,
				53C44EC3DD0B664B94345866 /* Pods */,
				E4B4A999F93900155EAE2A7A /* Frameworks */,
			);
			sourceTree = "<group>";
		};
		855BA980238FFB3100CE2709 /* Products */ = {
			isa = PBXGroup;
			children = (
				855BA97F238FFB3100CE2709 /* KMAUI.framework */,
			);
			name = Products;
			sourceTree = "<group>";
		};
		855BA981238FFB3100CE2709 /* KMAUI */ = {
			isa = PBXGroup;
			children = (
				855BA982238FFB3100CE2709 /* KMAUI.h */,
				855BA98A238FFBD000CE2709 /* UI Items */,
				855BA983238FFB3100CE2709 /* Info.plist */,
			);
			path = KMAUI;
			sourceTree = "<group>";
		};
		855BA98A238FFBD000CE2709 /* UI Items */ = {
			isa = PBXGroup;
			children = (
				85476CA723968FED00F6B74A /* Cells */,
				852181BD239159BA00A6B891 /* Labels */,
				852181BC239159B200A6B891 /* Views */,
				855BA98D238FFC2D00CE2709 /* KMAUIConstants.swift */,
				855BA98F238FFC6C00CE2709 /* KMAUIAssets.xcassets */,
			);
			path = "UI Items";
			sourceTree = "<group>";
		};
		E4B4A999F93900155EAE2A7A /* Frameworks */ = {
			isa = PBXGroup;
			children = (
				3D11B4808B8EAB5AFDE69EDD /* Pods_KMAUI.framework */,
			);
			name = Frameworks;
			sourceTree = "<group>";
		};
/* End PBXGroup section */

/* Begin PBXHeadersBuildPhase section */
		855BA97A238FFB3100CE2709 /* Headers */ = {
			isa = PBXHeadersBuildPhase;
			buildActionMask = 2147483647;
			files = (
				855BA984238FFB3100CE2709 /* KMAUI.h in Headers */,
			);
			runOnlyForDeploymentPostprocessing = 0;
		};
/* End PBXHeadersBuildPhase section */

/* Begin PBXNativeTarget section */
		855BA97E238FFB3100CE2709 /* KMAUI */ = {
			isa = PBXNativeTarget;
			buildConfigurationList = 855BA987238FFB3100CE2709 /* Build configuration list for PBXNativeTarget "KMAUI" */;
			buildPhases = (
				D5E6A8941F9729ABF558AA03 /* [CP] Check Pods Manifest.lock */,
				855BA97A238FFB3100CE2709 /* Headers */,
				855BA97B238FFB3100CE2709 /* Sources */,
				855BA97C238FFB3100CE2709 /* Frameworks */,
				855BA97D238FFB3100CE2709 /* Resources */,
			);
			buildRules = (
			);
			dependencies = (
			);
			name = KMAUI;
			productName = KMAUI;
			productReference = 855BA97F238FFB3100CE2709 /* KMAUI.framework */;
			productType = "com.apple.product-type.framework";
		};
/* End PBXNativeTarget section */

/* Begin PBXProject section */
		855BA976238FFB3100CE2709 /* Project object */ = {
			isa = PBXProject;
			attributes = {
				LastUpgradeCheck = 1120;
				ORGANIZATIONNAME = "Stanislav Rastvorov";
				TargetAttributes = {
					855BA97E238FFB3100CE2709 = {
						CreatedOnToolsVersion = 11.2.1;
						LastSwiftMigration = 1120;
					};
				};
			};
			buildConfigurationList = 855BA979238FFB3100CE2709 /* Build configuration list for PBXProject "KMAUI" */;
			compatibilityVersion = "Xcode 9.3";
			developmentRegion = en;
			hasScannedForEncodings = 0;
			knownRegions = (
				en,
				Base,
			);
			mainGroup = 855BA975238FFB3100CE2709;
			productRefGroup = 855BA980238FFB3100CE2709 /* Products */;
			projectDirPath = "";
			projectRoot = "";
			targets = (
				855BA97E238FFB3100CE2709 /* KMAUI */,
			);
		};
/* End PBXProject section */

/* Begin PBXResourcesBuildPhase section */
		855BA97D238FFB3100CE2709 /* Resources */ = {
			isa = PBXResourcesBuildPhase;
			buildActionMask = 2147483647;
			files = (
				855BA990238FFC6C00CE2709 /* KMAUIAssets.xcassets in Resources */,
				85476CA623968ECF00F6B74A /* KMAUITextFieldTableViewCell.xib in Resources */,
			);
			runOnlyForDeploymentPostprocessing = 0;
		};
/* End PBXResourcesBuildPhase section */

/* Begin PBXShellScriptBuildPhase section */
		D5E6A8941F9729ABF558AA03 /* [CP] Check Pods Manifest.lock */ = {
			isa = PBXShellScriptBuildPhase;
			buildActionMask = 2147483647;
			files = (
			);
			inputFileListPaths = (
			);
			inputPaths = (
				"${PODS_PODFILE_DIR_PATH}/Podfile.lock",
				"${PODS_ROOT}/Manifest.lock",
			);
			name = "[CP] Check Pods Manifest.lock";
			outputFileListPaths = (
			);
			outputPaths = (
				"$(DERIVED_FILE_DIR)/Pods-KMAUI-checkManifestLockResult.txt",
			);
			runOnlyForDeploymentPostprocessing = 0;
			shellPath = /bin/sh;
			shellScript = "diff \"${PODS_PODFILE_DIR_PATH}/Podfile.lock\" \"${PODS_ROOT}/Manifest.lock\" > /dev/null\nif [ $? != 0 ] ; then\n    # print error to STDERR\n    echo \"error: The sandbox is not in sync with the Podfile.lock. Run 'pod install' or update your CocoaPods installation.\" >&2\n    exit 1\nfi\n# This output is used by Xcode 'outputs' to avoid re-running this script phase.\necho \"SUCCESS\" > \"${SCRIPT_OUTPUT_FILE_0}\"\n";
			showEnvVarsInLog = 0;
		};
/* End PBXShellScriptBuildPhase section */

/* Begin PBXSourcesBuildPhase section */
		855BA97B238FFB3100CE2709 /* Sources */ = {
			isa = PBXSourcesBuildPhase;
			buildActionMask = 2147483647;
			files = (
				852181BF23915A2800A6B891 /* KMAUITitleLabel.swift in Sources */,
				855BA98C238FFBE500CE2709 /* KMAUIRoundedCornersView.swift in Sources */,
				855BA98E238FFC2D00CE2709 /* KMAUIConstants.swift in Sources */,
				85476CA523968ECF00F6B74A /* KMAUITextFieldTableViewCell.swift in Sources */,
				852181C323915A3400A6B891 /* KMAUIInfoLabel.swift in Sources */,
				852181C123915A2D00A6B891 /* KMAUITextLabel.swift in Sources */,
			);
			runOnlyForDeploymentPostprocessing = 0;
		};
/* End PBXSourcesBuildPhase section */

/* Begin XCBuildConfiguration section */
		855BA985238FFB3100CE2709 /* Debug */ = {
			isa = XCBuildConfiguration;
			buildSettings = {
				ALWAYS_SEARCH_USER_PATHS = NO;
				CLANG_ANALYZER_NONNULL = YES;
				CLANG_ANALYZER_NUMBER_OBJECT_CONVERSION = YES_AGGRESSIVE;
				CLANG_CXX_LANGUAGE_STANDARD = "gnu++14";
				CLANG_CXX_LIBRARY = "libc++";
				CLANG_ENABLE_MODULES = YES;
				CLANG_ENABLE_OBJC_ARC = YES;
				CLANG_ENABLE_OBJC_WEAK = YES;
				CLANG_WARN_BLOCK_CAPTURE_AUTORELEASING = YES;
				CLANG_WARN_BOOL_CONVERSION = YES;
				CLANG_WARN_COMMA = YES;
				CLANG_WARN_CONSTANT_CONVERSION = YES;
				CLANG_WARN_DEPRECATED_OBJC_IMPLEMENTATIONS = YES;
				CLANG_WARN_DIRECT_OBJC_ISA_USAGE = YES_ERROR;
				CLANG_WARN_DOCUMENTATION_COMMENTS = YES;
				CLANG_WARN_EMPTY_BODY = YES;
				CLANG_WARN_ENUM_CONVERSION = YES;
				CLANG_WARN_INFINITE_RECURSION = YES;
				CLANG_WARN_INT_CONVERSION = YES;
				CLANG_WARN_NON_LITERAL_NULL_CONVERSION = YES;
				CLANG_WARN_OBJC_IMPLICIT_RETAIN_SELF = YES;
				CLANG_WARN_OBJC_LITERAL_CONVERSION = YES;
				CLANG_WARN_OBJC_ROOT_CLASS = YES_ERROR;
				CLANG_WARN_RANGE_LOOP_ANALYSIS = YES;
				CLANG_WARN_STRICT_PROTOTYPES = YES;
				CLANG_WARN_SUSPICIOUS_MOVE = YES;
				CLANG_WARN_UNGUARDED_AVAILABILITY = YES_AGGRESSIVE;
				CLANG_WARN_UNREACHABLE_CODE = YES;
				CLANG_WARN__DUPLICATE_METHOD_MATCH = YES;
				COPY_PHASE_STRIP = NO;
				CURRENT_PROJECT_VERSION = 1;
				DEBUG_INFORMATION_FORMAT = dwarf;
				ENABLE_STRICT_OBJC_MSGSEND = YES;
				ENABLE_TESTABILITY = YES;
				GCC_C_LANGUAGE_STANDARD = gnu11;
				GCC_DYNAMIC_NO_PIC = NO;
				GCC_NO_COMMON_BLOCKS = YES;
				GCC_OPTIMIZATION_LEVEL = 0;
				GCC_PREPROCESSOR_DEFINITIONS = (
					"DEBUG=1",
					"$(inherited)",
				);
				GCC_WARN_64_TO_32_BIT_CONVERSION = YES;
				GCC_WARN_ABOUT_RETURN_TYPE = YES_ERROR;
				GCC_WARN_UNDECLARED_SELECTOR = YES;
				GCC_WARN_UNINITIALIZED_AUTOS = YES_AGGRESSIVE;
				GCC_WARN_UNUSED_FUNCTION = YES;
				GCC_WARN_UNUSED_VARIABLE = YES;
				IPHONEOS_DEPLOYMENT_TARGET = 13.2;
				MTL_ENABLE_DEBUG_INFO = INCLUDE_SOURCE;
				MTL_FAST_MATH = YES;
				ONLY_ACTIVE_ARCH = YES;
				SDKROOT = iphoneos;
				SWIFT_ACTIVE_COMPILATION_CONDITIONS = DEBUG;
				SWIFT_OPTIMIZATION_LEVEL = "-Onone";
				VERSIONING_SYSTEM = "apple-generic";
				VERSION_INFO_PREFIX = "";
			};
			name = Debug;
		};
		855BA986238FFB3100CE2709 /* Release */ = {
			isa = XCBuildConfiguration;
			buildSettings = {
				ALWAYS_SEARCH_USER_PATHS = NO;
				CLANG_ANALYZER_NONNULL = YES;
				CLANG_ANALYZER_NUMBER_OBJECT_CONVERSION = YES_AGGRESSIVE;
				CLANG_CXX_LANGUAGE_STANDARD = "gnu++14";
				CLANG_CXX_LIBRARY = "libc++";
				CLANG_ENABLE_MODULES = YES;
				CLANG_ENABLE_OBJC_ARC = YES;
				CLANG_ENABLE_OBJC_WEAK = YES;
				CLANG_WARN_BLOCK_CAPTURE_AUTORELEASING = YES;
				CLANG_WARN_BOOL_CONVERSION = YES;
				CLANG_WARN_COMMA = YES;
				CLANG_WARN_CONSTANT_CONVERSION = YES;
				CLANG_WARN_DEPRECATED_OBJC_IMPLEMENTATIONS = YES;
				CLANG_WARN_DIRECT_OBJC_ISA_USAGE = YES_ERROR;
				CLANG_WARN_DOCUMENTATION_COMMENTS = YES;
				CLANG_WARN_EMPTY_BODY = YES;
				CLANG_WARN_ENUM_CONVERSION = YES;
				CLANG_WARN_INFINITE_RECURSION = YES;
				CLANG_WARN_INT_CONVERSION = YES;
				CLANG_WARN_NON_LITERAL_NULL_CONVERSION = YES;
				CLANG_WARN_OBJC_IMPLICIT_RETAIN_SELF = YES;
				CLANG_WARN_OBJC_LITERAL_CONVERSION = YES;
				CLANG_WARN_OBJC_ROOT_CLASS = YES_ERROR;
				CLANG_WARN_RANGE_LOOP_ANALYSIS = YES;
				CLANG_WARN_STRICT_PROTOTYPES = YES;
				CLANG_WARN_SUSPICIOUS_MOVE = YES;
				CLANG_WARN_UNGUARDED_AVAILABILITY = YES_AGGRESSIVE;
				CLANG_WARN_UNREACHABLE_CODE = YES;
				CLANG_WARN__DUPLICATE_METHOD_MATCH = YES;
				COPY_PHASE_STRIP = NO;
				CURRENT_PROJECT_VERSION = 1;
				DEBUG_INFORMATION_FORMAT = "dwarf-with-dsym";
				ENABLE_NS_ASSERTIONS = NO;
				ENABLE_STRICT_OBJC_MSGSEND = YES;
				GCC_C_LANGUAGE_STANDARD = gnu11;
				GCC_NO_COMMON_BLOCKS = YES;
				GCC_WARN_64_TO_32_BIT_CONVERSION = YES;
				GCC_WARN_ABOUT_RETURN_TYPE = YES_ERROR;
				GCC_WARN_UNDECLARED_SELECTOR = YES;
				GCC_WARN_UNINITIALIZED_AUTOS = YES_AGGRESSIVE;
				GCC_WARN_UNUSED_FUNCTION = YES;
				GCC_WARN_UNUSED_VARIABLE = YES;
				IPHONEOS_DEPLOYMENT_TARGET = 13.2;
				MTL_ENABLE_DEBUG_INFO = NO;
				MTL_FAST_MATH = YES;
				SDKROOT = iphoneos;
				SWIFT_COMPILATION_MODE = wholemodule;
				SWIFT_OPTIMIZATION_LEVEL = "-O";
				VALIDATE_PRODUCT = YES;
				VERSIONING_SYSTEM = "apple-generic";
				VERSION_INFO_PREFIX = "";
			};
			name = Release;
		};
		855BA988238FFB3100CE2709 /* Debug */ = {
			isa = XCBuildConfiguration;
			baseConfigurationReference = EECBDD1DE69FE363230BA979 /* Pods-KMAUI.debug.xcconfig */;
			buildSettings = {
				CLANG_ENABLE_MODULES = YES;
				CODE_SIGN_STYLE = Automatic;
				DEFINES_MODULE = YES;
				DEVELOPMENT_TEAM = CGLWULMA8G;
				DYLIB_COMPATIBILITY_VERSION = 1;
				DYLIB_CURRENT_VERSION = 1;
				DYLIB_INSTALL_NAME_BASE = "@rpath";
				INFOPLIST_FILE = KMAUI/Info.plist;
				INSTALL_PATH = "$(LOCAL_LIBRARY_DIR)/Frameworks";
				LD_RUNPATH_SEARCH_PATHS = (
					"$(inherited)",
					"@executable_path/Frameworks",
					"@loader_path/Frameworks",
				);
				PRODUCT_BUNDLE_IDENTIFIER = com.sircfc.KMAUI;
				PRODUCT_NAME = "$(TARGET_NAME:c99extidentifier)";
				SKIP_INSTALL = YES;
				SWIFT_OPTIMIZATION_LEVEL = "-Onone";
				SWIFT_VERSION = 5.0;
				TARGETED_DEVICE_FAMILY = "1,2";
			};
			name = Debug;
		};
		855BA989238FFB3100CE2709 /* Release */ = {
			isa = XCBuildConfiguration;
			baseConfigurationReference = 1347A4BD83539BDA7D7E6847 /* Pods-KMAUI.release.xcconfig */;
			buildSettings = {
				CLANG_ENABLE_MODULES = YES;
				CODE_SIGN_STYLE = Automatic;
				DEFINES_MODULE = YES;
				DEVELOPMENT_TEAM = CGLWULMA8G;
				DYLIB_COMPATIBILITY_VERSION = 1;
				DYLIB_CURRENT_VERSION = 1;
				DYLIB_INSTALL_NAME_BASE = "@rpath";
				INFOPLIST_FILE = KMAUI/Info.plist;
				INSTALL_PATH = "$(LOCAL_LIBRARY_DIR)/Frameworks";
				LD_RUNPATH_SEARCH_PATHS = (
					"$(inherited)",
					"@executable_path/Frameworks",
					"@loader_path/Frameworks",
				);
				PRODUCT_BUNDLE_IDENTIFIER = com.sircfc.KMAUI;
				PRODUCT_NAME = "$(TARGET_NAME:c99extidentifier)";
				SKIP_INSTALL = YES;
				SWIFT_VERSION = 5.0;
				TARGETED_DEVICE_FAMILY = "1,2";
			};
			name = Release;
		};
/* End XCBuildConfiguration section */

/* Begin XCConfigurationList section */
		855BA979238FFB3100CE2709 /* Build configuration list for PBXProject "KMAUI" */ = {
			isa = XCConfigurationList;
			buildConfigurations = (
				855BA985238FFB3100CE2709 /* Debug */,
				855BA986238FFB3100CE2709 /* Release */,
			);
			defaultConfigurationIsVisible = 0;
			defaultConfigurationName = Release;
		};
		855BA987238FFB3100CE2709 /* Build configuration list for PBXNativeTarget "KMAUI" */ = {
			isa = XCConfigurationList;
			buildConfigurations = (
				855BA988238FFB3100CE2709 /* Debug */,
				855BA989238FFB3100CE2709 /* Release */,
			);
			defaultConfigurationIsVisible = 0;
			defaultConfigurationName = Release;
		};
/* End XCConfigurationList section */
	};
	rootObject = 855BA976238FFB3100CE2709 /* Project object */;
}
